uuid: b10cb5ce-ac38-4143-b8c5-cace6865bd98
langcode: en
status: true
dependencies:
  config:
    - views.view.alerts
  module:
    - ctools
    - views
  theme:
    - westy
id: westy_views_block__alerts_alert_page_block
theme: westy
region: alerts
weight: -12
provider: null
plugin: 'views_block:alerts-alert_page_block'
settings:
  id: 'views_block:alerts-alert_page_block'
  label: ''
  provider: views
  label_display: '0'
  views_label: ''
  items_per_page: none
visibility:
  'entity_bundle:node':
    id: 'entity_bundle:node'
    bundles:
      news: news
      page: page
      resource: resource
    negate: false
    context_mapping:
      node: '@node.node_route_context:node'
