uuid: 76b6e24b-34cf-4493-9b8e-62ddc15f9d43
langcode: en
status: true
dependencies:
  config:
    - views.view.alerts
  module:
    - ctools
    - views
  theme:
    - radix
id: radix_views_block__alerts_alert_page_block
theme: radix
region: header
weight: -11
provider: null
plugin: 'views_block:alerts-alert_page_block'
settings:
  id: 'views_block:alerts-alert_page_block'
  label: ''
  provider: views
  label_display: '0'
  views_label: ''
  items_per_page: none
visibility:
  'entity_bundle:node':
    id: 'entity_bundle:node'
    bundles:
      news: news
      page: page
      resource: resource
    negate: false
    context_mapping:
      node: '@node.node_route_context:node'
